
Microsoft Visual Studio Solution File, Format Version 12.00
# Visual Studio Version 17
VisualStudioVersion = 17.7.34221.43
MinimumVisualStudioVersion = 10.0.40219.1
Project("{9A19103F-16F7-4668-BE54-9A1E7A4F7556}") = "bankingApp.Restapi", "bankingApp.Restapi\bankingApp.Restapi.csproj", "{875CC680-BFFE-498E-998F-A74C2CEC5DA5}"
EndProject
Project("{FAE04EC0-301F-11D3-BF4B-00C04F79EFBC}") = "bankingApp.WebApp", "bankingApp.WebApp\bankingApp.WebApp.csproj", "{48FF1961-63F3-46AF-A92E-DF4F1E6125CE}"
EndProject
Global
	GlobalSection(SolutionConfigurationPlatforms) = preSolution
		Debug|Any CPU = Debug|Any CPU
		Release|Any CPU = Release|Any CPU
	EndGlobalSection
	GlobalSection(ProjectConfigurationPlatforms) = postSolution
		{875CC680-BFFE-498E-998F-A74C2CEC5DA5}.Debug|Any CPU.ActiveCfg = Debug|Any CPU
		{875CC680-BFFE-498E-998F-A74C2CEC5DA5}.Debug|Any CPU.Build.0 = Debug|Any CPU
		{875CC680-BFFE-498E-998F-A74C2CEC5DA5}.Release|Any CPU.ActiveCfg = Release|Any CPU
		{875CC680-BFFE-498E-998F-A74C2CEC5DA5}.Release|Any CPU.Build.0 = Release|Any CPU
		{48FF1961-63F3-46AF-A92E-DF4F1E6125CE}.Debug|Any CPU.ActiveCfg = Debug|Any CPU
		{48FF1961-63F3-46AF-A92E-DF4F1E6125CE}.Debug|Any CPU.Build.0 = Debug|Any CPU
		{48FF1961-63F3-46AF-A92E-DF4F1E6125CE}.Release|Any CPU.ActiveCfg = Release|Any CPU
		{48FF1961-63F3-46AF-A92E-DF4F1E6125CE}.Release|Any CPU.Build.0 = Release|Any CPU
	EndGlobalSection
	GlobalSection(SolutionProperties) = preSolution
		HideSolutionNode = FALSE
	EndGlobalSection
	GlobalSection(ExtensibilityGlobals) = postSolution
		SolutionGuid = {1B122EC2-57D9-4E88-B120-53E40F3BEE46}
	EndGlobalSection
EndGlobal
